// !$*UTF8*$!
{
	archiveVersion = 1;
	classes = {
	};
	objectVersion = 77;
	objects = {

/* Begin PBXContainerItemProxy section */
		18CE225A2EA291CA00DDF8D8 /* PBXContainerItemProxy */ = {
			isa = PBXContainerItemProxy;
			containerPortal = 18CE223B2EA291C700DDF8D8 /* Project object */;
			proxyType = 1;
			remoteGlobalIDString = 18CE22422EA291C700DDF8D8;
			remoteInfo = iOSWebViewAutomation;
		};
		18CE22642EA291CA00DDF8D8 /* PBXContainerItemProxy */ = {
			isa = PBXContainerItemProxy;
			containerPortal = 18CE223B2EA291C700DDF8D8 /* Project object */;
			proxyType = 1;
			remoteGlobalIDString = 18CE22422EA291C700DDF8D8;
			remoteInfo = iOSWebViewAutomation;
		};
/* End PBXContainerItemProxy section */

/* Begin PBXFileReference section */
		18CE22432EA291C800DDF8D8 /* iOSWebViewAutomation.app */ = {isa = PBXFileReference; explicitFileType = wrapper.application; includeInIndex = 0; path = iOSWebViewAutomation.app; sourceTree = BUILT_PRODUCTS_DIR; };
		18CE22592EA291CA00DDF8D8 /* iOSWebViewAutomationTests.xctest */ = {isa = PBXFileReference; explicitFileType = wrapper.cfbundle; includeInIndex = 0; path = iOSWebViewAutomationTests.xctest; sourceTree = BUILT_PRODUCTS_DIR; };
		18CE22632EA291CA00DDF8D8 /* iOSWebViewAutomationUITests.xctest */ = {isa = PBXFileReference; explicitFileType = wrapper.cfbundle; includeInIndex = 0; path = iOSWebViewAutomationUITests.xctest; sourceTree = BUILT_PRODUCTS_DIR; };
/* End PBXFileReference section */

/* Begin PBXFileSystemSynchronizedBuildFileExceptionSet section */
		18CE226B2EA291CA00DDF8D8 /* Exceptions for "iOSWebViewAutomation" folder in "iOSWebViewAutomation" target */ = {
			isa = PBXFileSystemSynchronizedBuildFileExceptionSet;
			membershipExceptions = (
				Info.plist,
			);
			target = 18CE22422EA291C700DDF8D8 /* iOSWebViewAutomation */;
		};
/* End PBXFileSystemSynchronizedBuildFileExceptionSet section */

/* Begin PBXFileSystemSynchronizedRootGroup section */
		18CE22452EA291C800DDF8D8 /* iOSWebViewAutomation */ = {
			isa = PBXFileSystemSynchronizedRootGroup;
			exceptions = (
				18CE226B2EA291CA00DDF8D8 /* Exceptions for "iOSWebViewAutomation" folder in "iOSWebViewAutomation" target */,
			);
			path = iOSWebViewAutomation;
			sourceTree = "<group>";
		};
		18CE225C2EA291CA00DDF8D8 /* iOSWebViewAutomationTests */ = {
			isa = PBXFileSystemSynchronizedRootGroup;
			path = iOSWebViewAutomationTests;
			sourceTree = "<group>";
		};
		18CE22662EA291CA00DDF8D8 /* iOSWebViewAutomationUITests */ = {
			isa = PBXFileSystemSynchronizedRootGroup;
			path = iOSWebViewAutomationUITests;
			sourceTree = "<group>";
		};
/* End PBXFileSystemSynchronizedRootGroup section */

/* Begin PBXFrameworksBuildPhase section */
		18CE22402EA291C700DDF8D8 /* Frameworks */ = {
			isa = PBXFrameworksBuildPhase;
			buildActionMask = 2147483647;
			files = (
			);
			runOnlyForDeploymentPostprocessing = 0;
		};
		18CE22562EA291CA00DDF8D8 /* Frameworks */ = {
			isa = PBXFrameworksBuildPhase;
			buildActionMask = 2147483647;
			files = (
			);
			runOnlyForDeploymentPostprocessing = 0;
		};
		18CE22602EA291CA00DDF8D8 /* Frameworks */ = {
			isa = PBXFrameworksBuildPhase;
			buildActionMask = 2147483647;
			files = (
			);
			runOnlyForDeploymentPostprocessing = 0;
		};
/* End PBXFrameworksBuildPhase section */

/* Begin PBXGroup section */
		18CE223A2EA291C700DDF8D8 = {
			isa = PBXGroup;
			children = (
				18CE22452EA291C800DDF8D8 /* iOSWebViewAutomation */,
				18CE225C2EA291CA00DDF8D8 /* iOSWebViewAutomationTests */,
				18CE22662EA291CA00DDF8D8 /* iOSWebViewAutomationUITests */,
				18CE22442EA291C800DDF8D8 /* Products */,
			);
			sourceTree = "<group>";
		};
		18CE22442EA291C800DDF8D8 /* Products */ = {
			isa = PBXGroup;
			children = (
				18CE22432EA291C800DDF8D8 /* iOSWebViewAutomation.app */,
				18CE22592EA291CA00DDF8D8 /* iOSWebViewAutomationTests.xctest */,
				18CE22632EA291CA00DDF8D8 /* iOSWebViewAutomationUITests.xctest */,
			);
			name = Products;
			sourceTree = "<group>";
		};
/* End PBXGroup section */

/* Begin PBXNativeTarget section */
		18CE22422EA291C700DDF8D8 /* iOSWebViewAutomation */ = {
			isa = PBXNativeTarget;
			buildConfigurationList = 18CE226C2EA291CA00DDF8D8 /* Build configuration list for PBXNativeTarget "iOSWebViewAutomation" */;
			buildPhases = (
				18CE223F2EA291C700DDF8D8 /* Sources */,
				18CE22402EA291C700DDF8D8 /* Frameworks */,
				18CE22412EA291C700DDF8D8 /* Resources */,
			);
			buildRules = (
			);
			dependencies = (
			);
			fileSystemSynchronizedGroups = (
				18CE22452EA291C800DDF8D8 /* iOSWebViewAutomation */,
			);
			name = iOSWebViewAutomation;
			packageProductDependencies = (
			);
			productName = iOSWebViewAutomation;
			productReference = 18CE22432EA291C800DDF8D8 /* iOSWebViewAutomation.app */;
			productType = "com.apple.product-type.application";
		};
		18CE22582EA291CA00DDF8D8 /* iOSWebViewAutomationTests */ = {
			isa = PBXNativeTarget;
			buildConfigurationList = 18CE22712EA291CA00DDF8D8 /* Build configuration list for PBXNativeTarget "iOSWebViewAutomationTests" */;
			buildPhases = (
				18CE22552EA291CA00DDF8D8 /* Sources */,
				18CE22562EA291CA00DDF8D8 /* Frameworks */,
				18CE22572EA291CA00DDF8D8 /* Resources */,
			);
			buildRules = (
			);
			dependencies = (
				18CE225B2EA291CA00DDF8D8 /* PBXTargetDependency */,
			);
			fileSystemSynchronizedGroups = (
				18CE225C2EA291CA00DDF8D8 /* iOSWebViewAutomationTests */,
			);
			name = iOSWebViewAutomationTests;
			packageProductDependencies = (
			);
			productName = iOSWebViewAutomationTests;
			productReference = 18CE22592EA291CA00DDF8D8 /* iOSWebViewAutomationTests.xctest */;
			productType = "com.apple.product-type.bundle.unit-test";
		};
		18CE22622EA291CA00DDF8D8 /* iOSWebViewAutomationUITests */ = {
			isa = PBXNativeTarget;
			buildConfigurationList = 18CE22742EA291CA00DDF8D8 /* Build configuration list for PBXNativeTarget "iOSWebViewAutomationUITests" */;
			buildPhases = (
				18CE225F2EA291CA00DDF8D8 /* Sources */,
				18CE22602EA291CA00DDF8D8 /* Frameworks */,
				18CE22612EA291CA00DDF8D8 /* Resources */,
			);
			buildRules = (
			);
			dependencies = (
				18CE22652EA291CA00DDF8D8 /* PBXTargetDependency */,
			);
			fileSystemSynchronizedGroups = (
				18CE22662EA291CA00DDF8D8 /* iOSWebViewAutomationUITests */,
			);
			name = iOSWebViewAutomationUITests;
			packageProductDependencies = (
			);
			productName = iOSWebViewAutomationUITests;
			productReference = 18CE22632EA291CA00DDF8D8 /* iOSWebViewAutomationUITests.xctest */;
			productType = "com.apple.product-type.bundle.ui-testing";
		};
/* End PBXNativeTarget section */

/* Begin PBXProject section */
		18CE223B2EA291C700DDF8D8 /* Project object */ = {
			isa = PBXProject;
			attributes = {
				BuildIndependentTargetsInParallel = 1;
				LastSwiftUpdateCheck = 2600;
				LastUpgradeCheck = 2600;
				TargetAttributes = {
					18CE22422EA291C700DDF8D8 = {
						CreatedOnToolsVersion = 26.0.1;
					};
					18CE22582EA291CA00DDF8D8 = {
						CreatedOnToolsVersion = 26.0.1;
						TestTargetID = 18CE22422EA291C700DDF8D8;
					};
					18CE22622EA291CA00DDF8D8 = {
						CreatedOnToolsVersion = 26.0.1;
						TestTargetID = 18CE22422EA291C700DDF8D8;
					};
				};
			};
			buildConfigurationList = 18CE223E2EA291C700DDF8D8 /* Build configuration list for PBXProject "iOSWebViewAutomation" */;
			developmentRegion = en;
			hasScannedForEncodings = 0;
			knownRegions = (
				en,
				Base,
			);
			mainGroup = 18CE223A2EA291C700DDF8D8;
			minimizedProjectReferenceProxies = 1;
			preferredProjectObjectVersion = 77;
			productRefGroup = 18CE22442EA291C800DDF8D8 /* Products */;
			projectDirPath = "";
			projectRoot = "";
			targets = (
				18CE22422EA291C700DDF8D8 /* iOSWebViewAutomation */,
				18CE22582EA291CA00DDF8D8 /* iOSWebViewAutomationTests */,
				18CE22622EA291CA00DDF8D8 /* iOSWebViewAutomationUITests */,
			);
		};
/* End PBXProject section */

/* Begin PBXResourcesBuildPhase section */
		18CE22412EA291C700DDF8D8 /* Resources */ = {
			isa = PBXResourcesBuildPhase;
			buildActionMask = 2147483647;
			files = (
			);
			runOnlyForDeploymentPostprocessing = 0;
		};
		18CE22572EA291CA00DDF8D8 /* Resources */ = {
			isa = PBXResourcesBuildPhase;
			buildActionMask = 2147483647;
			files = (
			);
			runOnlyForDeploymentPostprocessing = 0;
		};
		18CE22612EA291CA00DDF8D8 /* Resources */ = {
			isa = PBXResourcesBuildPhase;
			buildActionMask = 2147483647;
			files = (
			);
			runOnlyForDeploymentPostprocessing = 0;
		};
/* End PBXResourcesBuildPhase section */

/* Begin PBXSourcesBuildPhase section */
		18CE223F2EA291C700DDF8D8 /* Sources */ = {
			isa = PBXSourcesBuildPhase;
			buildActionMask = 2147483647;
			files = (
			);
			runOnlyForDeploymentPostprocessing = 0;
		};
		18CE22552EA291CA00DDF8D8 /* Sources */ = {
			isa = PBXSourcesBuildPhase;
			buildActionMask = 2147483647;
			files = (
			);
			runOnlyForDeploymentPostprocessing = 0;
		};
		18CE225F2EA291CA00DDF8D8 /* Sources */ = {
			isa = PBXSourcesBuildPhase;
			buildActionMask = 2147483647;
			files = (
			);
			runOnlyForDeploymentPostprocessing = 0;
		};
/* End PBXSourcesBuildPhase section */

/* Begin PBXTargetDependency section */
		18CE225B2EA291CA00DDF8D8 /* PBXTargetDependency */ = {
			isa = PBXTargetDependency;
			target = 18CE22422EA291C700DDF8D8 /* iOSWebViewAutomation */;
			targetProxy = 18CE225A2EA291CA00DDF8D8 /* PBXContainerItemProxy */;
		};
		18CE22652EA291CA00DDF8D8 /* PBXTargetDependency */ = {
			isa = PBXTargetDependency;
			target = 18CE22422EA291C700DDF8D8 /* iOSWebViewAutomation */;
			targetProxy = 18CE22642EA291CA00DDF8D8 /* PBXContainerItemProxy */;
		};
/* End PBXTargetDependency section */

/* Begin XCBuildConfiguration section */
		18CE226D2EA291CA00DDF8D8 /* Debug */ = {
			isa = XCBuildConfiguration;
			buildSettings = {
				ASSETCATALOG_COMPILER_APPICON_NAME = AppIcon;
				ASSETCATALOG_COMPILER_GLOBAL_ACCENT_COLOR_NAME = AccentColor;
				CODE_SIGN_STYLE = Automatic;
				CURRENT_PROJECT_VERSION = 1;
				DEVELOPMENT_TEAM = TS7638N9FK;
				GENERATE_INFOPLIST_FILE = YES;
				INFOPLIST_FILE = iOSWebViewAutomation/Info.plist;
				INFOPLIST_KEY_UIApplicationSupportsIndirectInputEvents = YES;
				INFOPLIST_KEY_UILaunchStoryboardName = LaunchScreen;
				INFOPLIST_KEY_UIMainStoryboardFile = Main;
				INFOPLIST_KEY_UISupportedInterfaceOrientations_iPad = "UIInterfaceOrientationPortrait UIInterfaceOrientationPortraitUpsideDown UIInterfaceOrientationLandscapeLeft UIInterfaceOrientationLandscapeRight";
				INFOPLIST_KEY_UISupportedInterfaceOrientations_iPhone = "UIInterfaceOrientationPortrait UIInterfaceOrientationLandscapeLeft UIInterfaceOrientationLandscapeRight";
				LD_RUNPATH_SEARCH_PATHS = (
					"$(inherited)",
					"@executable_path/Frameworks",
				);
				MARKETING_VERSION = 1.0;
				PRODUCT_BUNDLE_IDENTIFIER = "com.hurricanesoft.t.asset.t-asset.iOSWebViewAutomation";
				PRODUCT_NAME = "$(TARGET_NAME)";
				STRING_CATALOG_GENERATE_SYMBOLS = YES;
				SWIFT_APPROACHABLE_CONCURRENCY = YES;
				SWIFT_DEFAULT_ACTOR_ISOLATION = MainActor;
				SWIFT_EMIT_LOC_STRINGS = YES;
				SWIFT_UPCOMING_FEATURE_MEMBER_IMPORT_VISIBILITY = YES;
				SWIFT_VERSION = 5.0;
				TARGETED_DEVICE_FAMILY = "1,2";
			};
			name = Debug;
		};
		18CE226E2EA291CA00DDF8D8 /* Release */ = {
			isa = XCBuildConfiguration;
			buildSettings = {
				ASSETCATALOG_COMPILER_APPICON_NAME = AppIcon;
				ASSETCATALOG_COMPILER_GLOBAL_ACCENT_COLOR_NAME = AccentColor;
				CODE_SIGN_STYLE = Automatic;
				CURRENT_PROJECT_VERSION = 1;
				DEVELOPMENT_TEAM = TS7638N9FK;
				GENERATE_INFOPLIST_FILE = YES;
				INFOPLIST_FILE = iOSWebViewAutomation/Info.plist;
				INFOPLIST_KEY_UIApplicationSupportsIndirectInputEvents = YES;
				INFOPLIST_KEY_UILaunchStoryboardName = LaunchScreen;
				INFOPLIST_KEY_UIMainStoryboardFile = Main;
				INFOPLIST_KEY_UISupportedInterfaceOrientations_iPad = "UIInterfaceOrientationPortrait UIInterfaceOrientationPortraitUpsideDown UIInterfaceOrientationLandscapeLeft UIInterfaceOrientationLandscapeRight";
				INFOPLIST_KEY_UISupportedInterfaceOrientations_iPhone = "UIInterfaceOrientationPortrait UIInterfaceOrientationLandscapeLeft UIInterfaceOrientationLandscapeRight";
				LD_RUNPATH_SEARCH_PATHS = (
					"$(inherited)",
					"@executable_path/Frameworks",
				);
				MARKETING_VERSION = 1.0;
				PRODUCT_BUNDLE_IDENTIFIER = "com.hurricanesoft.t.asset.t-asset.iOSWebViewAutomation";
				PRODUCT_NAME = "$(TARGET_NAME)";
				STRING_CATALOG_GENERATE_SYMBOLS = YES;
				SWIFT_APPROACHABLE_CONCURRENCY = YES;
				SWIFT_DEFAULT_ACTOR_ISOLATION = MainActor;
				SWIFT_EMIT_LOC_STRINGS = YES;
				SWIFT_UPCOMING_FEATURE_MEMBER_IMPORT_VISIBILITY = YES;
				SWIFT_VERSION = 5.0;
				TARGETED_DEVICE_FAMILY = "1,2";
			};
			name = Release;
		};
		18CE226F2EA291CA00DDF8D8 /* Debug */ = {
			isa = XCBuildConfiguration;
			buildSettings = {
				ALWAYS_SEARCH_USER_PATHS = NO;
				ASSETCATALOG_COMPILER_GENERATE_SWIFT_ASSET_SYMBOL_EXTENSIONS = YES;
				CLANG_ANALYZER_NONNULL = YES;
				CLANG_ANALYZER_NUMBER_OBJECT_CONVERSION = YES_AGGRESSIVE;
				CLANG_CXX_LANGUAGE_STANDARD = "gnu++20";
				CLANG_ENABLE_MODULES = YES;
				CLANG_ENABLE_OBJC_ARC = YES;
				CLANG_ENABLE_OBJC_WEAK = YES;
				CLANG_WARN_BLOCK_CAPTURE_AUTORELEASING = YES;
				CLANG_WARN_BOOL_CONVERSION = YES;
				CLANG_WARN_COMMA = YES;
				CLANG_WARN_CONSTANT_CONVERSION = YES;
				CLANG_WARN_DEPRECATED_OBJC_IMPLEMENTATIONS = YES;
				CLANG_WARN_DIRECT_OBJC_ISA_USAGE = YES_ERROR;
				CLANG_WARN_DOCUMENTATION_COMMENTS = YES;
				CLANG_WARN_EMPTY_BODY = YES;
				CLANG_WARN_ENUM_CONVERSION = YES;
				CLANG_WARN_INFINITE_RECURSION = YES;
				CLANG_WARN_INT_CONVERSION = YES;
				CLANG_WARN_NON_LITERAL_NULL_CONVERSION = YES;
				CLANG_WARN_OBJC_IMPLICIT_RETAIN_SELF = YES;
				CLANG_WARN_OBJC_LITERAL_CONVERSION = YES;
				CLANG_WARN_OBJC_ROOT_CLASS = YES_ERROR;
				CLANG_WARN_QUOTED_INCLUDE_IN_FRAMEWORK_HEADER = YES;
				CLANG_WARN_RANGE_LOOP_ANALYSIS = YES;
				CLANG_WARN_STRICT_PROTOTYPES = YES;
				CLANG_WARN_SUSPICIOUS_MOVE = YES;
				CLANG_WARN_UNGUARDED_AVAILABILITY = YES_AGGRESSIVE;
				CLANG_WARN_UNREACHABLE_CODE = YES;
				CLANG_WARN__DUPLICATE_METHOD_MATCH = YES;
				COPY_PHASE_STRIP = NO;
				DEBUG_INFORMATION_FORMAT = dwarf;
				DEVELOPMENT_TEAM = TS7638N9FK;
				ENABLE_STRICT_OBJC_MSGSEND = YES;
				ENABLE_TESTABILITY = YES;
				ENABLE_USER_SCRIPT_SANDBOXING = YES;
				GCC_C_LANGUAGE_STANDARD = gnu17;
				GCC_DYNAMIC_NO_PIC = NO;
				GCC_NO_COMMON_BLOCKS = YES;
				GCC_OPTIMIZATION_LEVEL = 0;
				GCC_PREPROCESSOR_DEFINITIONS = (
					"DEBUG=1",
					"$(inherited)",
				);
				GCC_WARN_64_TO_32_BIT_CONVERSION = YES;
				GCC_WARN_ABOUT_RETURN_TYPE = YES_ERROR;
				GCC_WARN_UNDECLARED_SELECTOR = YES;
				GCC_WARN_UNINITIALIZED_AUTOS = YES_AGGRESSIVE;
				GCC_WARN_UNUSED_FUNCTION = YES;
				GCC_WARN_UNUSED_VARIABLE = YES;
				IPHONEOS_DEPLOYMENT_TARGET = 18.0;
				LOCALIZATION_PREFERS_STRING_CATALOGS = YES;
				MTL_ENABLE_DEBUG_INFO = INCLUDE_SOURCE;
				MTL_FAST_MATH = YES;
				ONLY_ACTIVE_ARCH = YES;
				SDKROOT = iphoneos;
				SWIFT_ACTIVE_COMPILATION_CONDITIONS = "DEBUG $(inherited)";
				SWIFT_OPTIMIZATION_LEVEL = "-Onone";
			};
			name = Debug;
		};
		18CE22702EA291CA00DDF8D8 /* Release */ = {
			isa = XCBuildConfiguration;
			buildSettings = {
				ALWAYS_SEARCH_USER_PATHS = NO;
				ASSETCATALOG_COMPILER_GENERATE_SWIFT_ASSET_SYMBOL_EXTENSIONS = YES;
				CLANG_ANALYZER_NONNULL = YES;
				CLANG_ANALYZER_NUMBER_OBJECT_CONVERSION = YES_AGGRESSIVE;
				CLANG_CXX_LANGUAGE_STANDARD = "gnu++20";
				CLANG_ENABLE_MODULES = YES;
				CLANG_ENABLE_OBJC_ARC = YES;
				CLANG_ENABLE_OBJC_WEAK = YES;
				CLANG_WARN_BLOCK_CAPTURE_AUTORELEASING = YES;
				CLANG_WARN_BOOL_CONVERSION = YES;
				CLANG_WARN_COMMA = YES;
				CLANG_WARN_CONSTANT_CONVERSION = YES;
				CLANG_WARN_DEPRECATED_OBJC_IMPLEMENTATIONS = YES;
				CLANG_WARN_DIRECT_OBJC_ISA_USAGE = YES_ERROR;
				CLANG_WARN_DOCUMENTATION_COMMENTS = YES;
				CLANG_WARN_EMPTY_BODY = YES;
				CLANG_WARN_ENUM_CONVERSION = YES;
				CLANG_WARN_INFINITE_RECURSION = YES;
				CLANG_WARN_INT_CONVERSION = YES;
				CLANG_WARN_NON_LITERAL_NULL_CONVERSION = YES;
				CLANG_WARN_OBJC_IMPLICIT_RETAIN_SELF = YES;
				CLANG_WARN_OBJC_LITERAL_CONVERSION = YES;
				CLANG_WARN_OBJC_ROOT_CLASS = YES_ERROR;
				CLANG_WARN_QUOTED_INCLUDE_IN_FRAMEWORK_HEADER = YES;
				CLANG_WARN_RANGE_LOOP_ANALYSIS = YES;
				CLANG_WARN_STRICT_PROTOTYPES = YES;
				CLANG_WARN_SUSPICIOUS_MOVE = YES;
				CLANG_WARN_UNGUARDED_AVAILABILITY = YES_AGGRESSIVE;
				CLANG_WARN_UNREACHABLE_CODE = YES;
				CLANG_WARN__DUPLICATE_METHOD_MATCH = YES;
				COPY_PHASE_STRIP = NO;
				DEBUG_INFORMATION_FORMAT = "dwarf-with-dsym";
				DEVELOPMENT_TEAM = TS7638N9FK;
				ENABLE_NS_ASSERTIONS = NO;
				ENABLE_STRICT_OBJC_MSGSEND = YES;
				ENABLE_USER_SCRIPT_SANDBOXING = YES;
				GCC_C_LANGUAGE_STANDARD = gnu17;
				GCC_NO_COMMON_BLOCKS = YES;
				GCC_WARN_64_TO_32_BIT_CONVERSION = YES;
				GCC_WARN_ABOUT_RETURN_TYPE = YES_ERROR;
				GCC_WARN_UNDECLARED_SELECTOR = YES;
				GCC_WARN_UNINITIALIZED_AUTOS = YES_AGGRESSIVE;
				GCC_WARN_UNUSED_FUNCTION = YES;
				GCC_WARN_UNUSED_VARIABLE = YES;
				IPHONEOS_DEPLOYMENT_TARGET = 18.0;
				LOCALIZATION_PREFERS_STRING_CATALOGS = YES;
				MTL_ENABLE_DEBUG_INFO = NO;
				MTL_FAST_MATH = YES;
				SDKROOT = iphoneos;
				SWIFT_COMPILATION_MODE = wholemodule;
				VALIDATE_PRODUCT = YES;
			};
			name = Release;
		};
		18CE22722EA291CA00DDF8D8 /* Debug */ = {
			isa = XCBuildConfiguration;
			buildSettings = {
				BUNDLE_LOADER = "$(TEST_HOST)";
				CODE_SIGN_STYLE = Automatic;
				CURRENT_PROJECT_VERSION = 1;
				DEVELOPMENT_TEAM = TS7638N9FK;
				GENERATE_INFOPLIST_FILE = YES;
				IPHONEOS_DEPLOYMENT_TARGET = 18.0;
				MARKETING_VERSION = 1.0;
				PRODUCT_BUNDLE_IDENTIFIER = "com.hurricanesoft.t.asset.t-asset.iOSWebViewAutomationTests";
				PRODUCT_NAME = "$(TARGET_NAME)";
				STRING_CATALOG_GENERATE_SYMBOLS = NO;
				SWIFT_APPROACHABLE_CONCURRENCY = YES;
				SWIFT_EMIT_LOC_STRINGS = NO;
				SWIFT_UPCOMING_FEATURE_MEMBER_IMPORT_VISIBILITY = YES;
				SWIFT_VERSION = 5.0;
				TARGETED_DEVICE_FAMILY = "1,2";
				TEST_HOST = "$(BUILT_PRODUCTS_DIR)/iOSWebViewAutomation.app/$(BUNDLE_EXECUTABLE_FOLDER_PATH)/iOSWebViewAutomation";
			};
			name = Debug;
		};
		18CE22732EA291CA00DDF8D8 /* Release */ = {
			isa = XCBuildConfiguration;
			buildSettings = {
				BUNDLE_LOADER = "$(TEST_HOST)";
				CODE_SIGN_STYLE = Automatic;
				CURRENT_PROJECT_VERSION = 1;
				DEVELOPMENT_TEAM = TS7638N9FK;
				GENERATE_INFOPLIST_FILE = YES;
				IPHONEOS_DEPLOYMENT_TARGET = 18.0;
				MARKETING_VERSION = 1.0;
				PRODUCT_BUNDLE_IDENTIFIER = "com.hurricanesoft.t.asset.t-asset.iOSWebViewAutomationTests";
				PRODUCT_NAME = "$(TARGET_NAME)";
				STRING_CATALOG_GENERATE_SYMBOLS = NO;
				SWIFT_APPROACHABLE_CONCURRENCY = YES;
				SWIFT_EMIT_LOC_STRINGS = NO;
				SWIFT_UPCOMING_FEATURE_MEMBER_IMPORT_VISIBILITY = YES;
				SWIFT_VERSION = 5.0;
				TARGETED_DEVICE_FAMILY = "1,2";
				TEST_HOST = "$(BUILT_PRODUCTS_DIR)/iOSWebViewAutomation.app/$(BUNDLE_EXECUTABLE_FOLDER_PATH)/iOSWebViewAutomation";
			};
			name = Release;
		};
		18CE22752EA291CA00DDF8D8 /* Debug */ = {
			isa = XCBuildConfiguration;
			buildSettings = {
				CODE_SIGN_STYLE = Automatic;
				CURRENT_PROJECT_VERSION = 1;
				DEVELOPMENT_TEAM = TS7638N9FK;
				GENERATE_INFOPLIST_FILE = YES;
				MARKETING_VERSION = 1.0;
				PRODUCT_BUNDLE_IDENTIFIER = "com.hurricanesoft.t.asset.t-asset.iOSWebViewAutomationUITests";
				PRODUCT_NAME = "$(TARGET_NAME)";
				STRING_CATALOG_GENERATE_SYMBOLS = NO;
				SWIFT_APPROACHABLE_CONCURRENCY = YES;
				SWIFT_EMIT_LOC_STRINGS = NO;
				SWIFT_UPCOMING_FEATURE_MEMBER_IMPORT_VISIBILITY = YES;
				SWIFT_VERSION = 5.0;
				TARGETED_DEVICE_FAMILY = "1,2";
				TEST_TARGET_NAME = iOSWebViewAutomation;
			};
			name = Debug;
		};
		18CE22762EA291CA00DDF8D8 /* Release */ = {
			isa = XCBuildConfiguration;
			buildSettings = {
				CODE_SIGN_STYLE = Automatic;
				CURRENT_PROJECT_VERSION = 1;
				DEVELOPMENT_TEAM = TS7638N9FK;
				GENERATE_INFOPLIST_FILE = YES;
				MARKETING_VERSION = 1.0;
				PRODUCT_BUNDLE_IDENTIFIER = "com.hurricanesoft.t.asset.t-asset.iOSWebViewAutomationUITests";
				PRODUCT_NAME = "$(TARGET_NAME)";
				STRING_CATALOG_GENERATE_SYMBOLS = NO;
				SWIFT_APPROACHABLE_CONCURRENCY = YES;
				SWIFT_EMIT_LOC_STRINGS = NO;
				SWIFT_UPCOMING_FEATURE_MEMBER_IMPORT_VISIBILITY = YES;
				SWIFT_VERSION = 5.0;
				TARGETED_DEVICE_FAMILY = "1,2";
				TEST_TARGET_NAME = iOSWebViewAutomation;
			};
			name = Release;
		};
/* End XCBuildConfiguration section */

/* Begin XCConfigurationList section */
		18CE223E2EA291C700DDF8D8 /* Build configuration list for PBXProject "iOSWebViewAutomation" */ = {
			isa = XCConfigurationList;
			buildConfigurations = (
				18CE226F2EA291CA00DDF8D8 /* Debug */,
				18CE22702EA291CA00DDF8D8 /* Release */,
			);
			defaultConfigurationIsVisible = 0;
			defaultConfigurationName = Release;
		};
		18CE226C2EA291CA00DDF8D8 /* Build configuration list for PBXNativeTarget "iOSWebViewAutomation" */ = {
			isa = XCConfigurationList;
			buildConfigurations = (
				18CE226D2EA291CA00DDF8D8 /* Debug */,
				18CE226E2EA291CA00DDF8D8 /* Release */,
			);
			defaultConfigurationIsVisible = 0;
			defaultConfigurationName = Release;
		};
		18CE22712EA291CA00DDF8D8 /* Build configuration list for PBXNativeTarget "iOSWebViewAutomationTests" */ = {
			isa = XCConfigurationList;
			buildConfigurations = (
				18CE22722EA291CA00DDF8D8 /* Debug */,
				18CE22732EA291CA00DDF8D8 /* Release */,
			);
			defaultConfigurationIsVisible = 0;
			defaultConfigurationName = Release;
		};
		18CE22742EA291CA00DDF8D8 /* Build configuration list for PBXNativeTarget "iOSWebViewAutomationUITests" */ = {
			isa = XCConfigurationList;
			buildConfigurations = (
				18CE22752EA291CA00DDF8D8 /* Debug */,
				18CE22762EA291CA00DDF8D8 /* Release */,
			);
			defaultConfigurationIsVisible = 0;
			defaultConfigurationName = Release;
		};
/* End XCConfigurationList section */
	};
	rootObject = 18CE223B2EA291C700DDF8D8 /* Project object */;
}
